// !$*UTF8*$!
{
	archiveVersion = 1;
	classes = {
	};
	objectVersion = 46;
	objects = {

/* Begin PBXBuildFile section */
		22914F3E1F2C5EC500BE1417 /* main.m in Sources */ = {isa = PBXBuildFile; fileRef = 22914F3D1F2C5EC500BE1417 /* main.m */; };
		22914F491F2C5EC600BE1417 /* Assets.xcassets in Resources */ = {isa = PBXBuildFile; fileRef = 22914F481F2C5EC600BE1417 /* Assets.xcassets */; };
		22914F4C1F2C5EC600BE1417 /* LaunchScreen.storyboard in Resources */ = {isa = PBXBuildFile; fileRef = 22914F4A1F2C5EC600BE1417 /* LaunchScreen.storyboard */; };
		22914F691F2C7D0C00BE1417 /* AppDelegate.m in Sources */ = {isa = PBXBuildFile; fileRef = 22914F621F2C7D0C00BE1417 /* AppDelegate.m */; };
		22914F6A1F2C7D0C00BE1417 /* CollectionViewController.m in Sources */ = {isa = PBXBuildFile; fileRef = 22914F641F2C7D0C00BE1417 /* CollectionViewController.m */; };
		22914F6B1F2C7D0C00BE1417 /* CollectionViewCell.m in Sources */ = {isa = PBXBuildFile; fileRef = 22914F661F2C7D0C00BE1417 /* CollectionViewCell.m */; };
		22914F6C1F2C7D0C00BE1417 /* Main.storyboard in Resources */ = {isa = PBXBuildFile; fileRef = 22914F681F2C7D0C00BE1417 /* Main.storyboard */; };
/* End PBXBuildFile section */

/* Begin PBXFileReference section */
		22914F391F2C5EC500BE1417 /* GifApiCollectionViewReviewPractice.app */ = {isa = PBXFileReference; explicitFileType = wrapper.application; includeInIndex = 0; path = GifApiCollectionViewReviewPractice.app; sourceTree = BUILT_PRODUCTS_DIR; };
		22914F3D1F2C5EC500BE1417 /* main.m */ = {isa = PBXFileReference; lastKnownFileType = sourcecode.c.objc; path = main.m; sourceTree = "<group>"; };
		22914F481F2C5EC600BE1417 /* Assets.xcassets */ = {isa = PBXFileReference; lastKnownFileType = folder.assetcatalog; path = Assets.xcassets; sourceTree = "<group>"; };
		22914F4B1F2C5EC600BE1417 /* Base */ = {isa = PBXFileReference; lastKnownFileType = file.storyboard; name = Base; path = Base.lproj/LaunchScreen.storyboard; sourceTree = "<group>"; };
		22914F4D1F2C5EC600BE1417 /* Info.plist */ = {isa = PBXFileReference; lastKnownFileType = text.plist.xml; path = Info.plist; sourceTree = "<group>"; };
		22914F611F2C7D0C00BE1417 /* AppDelegate.h */ = {isa = PBXFileReference; fileEncoding = 4; lastKnownFileType = sourcecode.c.h; name = AppDelegate.h; path = "../../../../Downloads/iOS-APICollectionViewObjc-S1V4/GifViewer/AppDelegate.h"; sourceTree = "<group>"; };
		22914F621F2C7D0C00BE1417 /* AppDelegate.m */ = {isa = PBXFileReference; fileEncoding = 4; lastKnownFileType = sourcecode.c.objc; name = AppDelegate.m; path = "../../../../Downloads/iOS-APICollectionViewObjc-S1V4/GifViewer/AppDelegate.m"; sourceTree = "<group>"; };
		22914F631F2C7D0C00BE1417 /* CollectionViewController.h */ = {isa = PBXFileReference; fileEncoding = 4; lastKnownFileType = sourcecode.c.h; name = CollectionViewController.h; path = "../../../../Downloads/iOS-APICollectionViewObjc-S1V4/GifViewer/CollectionViewController.h"; sourceTree = "<group>"; };
		22914F641F2C7D0C00BE1417 /* CollectionViewController.m */ = {isa = PBXFileReference; fileEncoding = 4; lastKnownFileType = sourcecode.c.objc; name = CollectionViewController.m; path = "../../../../Downloads/iOS-APICollectionViewObjc-S1V4/GifViewer/CollectionViewController.m"; sourceTree = "<group>"; };
		22914F651F2C7D0C00BE1417 /* CollectionViewCell.h */ = {isa = PBXFileReference; fileEncoding = 4; lastKnownFileType = sourcecode.c.h; name = CollectionViewCell.h; path = "../../../../Downloads/iOS-APICollectionViewObjc-S1V4/GifViewer/CollectionViewCell.h"; sourceTree = "<group>"; };
		22914F661F2C7D0C00BE1417 /* CollectionViewCell.m */ = {isa = PBXFileReference; fileEncoding = 4; lastKnownFileType = sourcecode.c.objc; name = CollectionViewCell.m; path = "../../../../Downloads/iOS-APICollectionViewObjc-S1V4/GifViewer/CollectionViewCell.m"; sourceTree = "<group>"; };
		22914F671F2C7D0C00BE1417 /* Base */ = {isa = PBXFileReference; lastKnownFileType = file.storyboard; name = Base; path = Base.lproj/Main.storyboard; sourceTree = "<group>"; };
/* End PBXFileReference section */

/* Begin PBXFrameworksBuildPhase section */
		22914F361F2C5EC500BE1417 /* Frameworks */ = {
			isa = PBXFrameworksBuildPhase;
			buildActionMask = 2147483647;
			files = (
			);
			runOnlyForDeploymentPostprocessing = 0;
		};
/* End PBXFrameworksBuildPhase section */

/* Begin PBXGroup section */
		22914F301F2C5EC500BE1417 = {
			isa = PBXGroup;
			children = (
				22914F3B1F2C5EC500BE1417 /* GifApiCollectionViewReviewPractice */,
				22914F3A1F2C5EC500BE1417 /* Products */,
			);
			sourceTree = "<group>";
		};
		22914F3A1F2C5EC500BE1417 /* Products */ = {
			isa = PBXGroup;
			children = (
				22914F391F2C5EC500BE1417 /* GifApiCollectionViewReviewPractice.app */,
			);
			name = Products;
			sourceTree = "<group>";
		};
		22914F3B1F2C5EC500BE1417 /* GifApiCollectionViewReviewPractice */ = {
			isa = PBXGroup;
			children = (
				22914F611F2C7D0C00BE1417 /* AppDelegate.h */,
				22914F621F2C7D0C00BE1417 /* AppDelegate.m */,
				22914F631F2C7D0C00BE1417 /* CollectionViewController.h */,
				22914F641F2C7D0C00BE1417 /* CollectionViewController.m */,
				22914F651F2C7D0C00BE1417 /* CollectionViewCell.h */,
				22914F661F2C7D0C00BE1417 /* CollectionViewCell.m */,
				22914F681F2C7D0C00BE1417 /* Main.storyboard */,
				22914F481F2C5EC600BE1417 /* Assets.xcassets */,
				22914F4A1F2C5EC600BE1417 /* LaunchScreen.storyboard */,
				22914F4D1F2C5EC600BE1417 /* Info.plist */,
				22914F3C1F2C5EC500BE1417 /* Supporting Files */,
			);
			path = GifApiCollectionViewReviewPractice;
			sourceTree = "<group>";
		};
		22914F3C1F2C5EC500BE1417 /* Supporting Files */ = {
			isa = PBXGroup;
			children = (
				22914F3D1F2C5EC500BE1417 /* main.m */,
			);
			name = "Supporting Files";
			sourceTree = "<group>";
		};
/* End PBXGroup section */

/* Begin PBXNativeTarget section */
		22914F381F2C5EC500BE1417 /* GifApiCollectionViewReviewPractice */ = {
			isa = PBXNativeTarget;
			buildConfigurationList = 22914F501F2C5EC600BE1417 /* Build configuration list for PBXNativeTarget "GifApiCollectionViewReviewPractice" */;
			buildPhases = (
				22914F351F2C5EC500BE1417 /* Sources */,
				22914F361F2C5EC500BE1417 /* Frameworks */,
				22914F371F2C5EC500BE1417 /* Resources */,
			);
			buildRules = (
			);
			dependencies = (
			);
			name = GifApiCollectionViewReviewPractice;
			productName = GifApiCollectionViewReviewPractice;
			productReference = 22914F391F2C5EC500BE1417 /* GifApiCollectionViewReviewPractice.app */;
			productType = "com.apple.product-type.application";
		};
/* End PBXNativeTarget section */

/* Begin PBXProject section */
		22914F311F2C5EC500BE1417 /* Project object */ = {
			isa = PBXProject;
			attributes = {
				LastUpgradeCheck = 0830;
				ORGANIZATIONNAME = "Shaan Mirchandani";
				TargetAttributes = {
					22914F381F2C5EC500BE1417 = {
						CreatedOnToolsVersion = 8.3.3;
						ProvisioningStyle = Automatic;
					};
				};
			};
			buildConfigurationList = 22914F341F2C5EC500BE1417 /* Build configuration list for PBXProject "GifApiCollectionViewReviewPractice" */;
			compatibilityVersion = "Xcode 3.2";
			developmentRegion = English;
			hasScannedForEncodings = 0;
			knownRegions = (
				en,
				Base,
			);
			mainGroup = 22914F301F2C5EC500BE1417;
			productRefGroup = 22914F3A1F2C5EC500BE1417 /* Products */;
			projectDirPath = "";
			projectRoot = "";
			targets = (
				22914F381F2C5EC500BE1417 /* GifApiCollectionViewReviewPractice */,
			);
		};
/* End PBXProject section */

/* Begin PBXResourcesBuildPhase section */
		22914F371F2C5EC500BE1417 /* Resources */ = {
			isa = PBXResourcesBuildPhase;
			buildActionMask = 2147483647;
			files = (
				22914F6C1F2C7D0C00BE1417 /* Main.storyboard in Resources */,
				22914F4C1F2C5EC600BE1417 /* LaunchScreen.storyboard in Resources */,
				22914F491F2C5EC600BE1417 /* Assets.xcassets in Resources */,
			);
			runOnlyForDeploymentPostprocessing = 0;
		};
/* End PBXResourcesBuildPhase section */

/* Begin PBXSourcesBuildPhase section */
		22914F351F2C5EC500BE1417 /* Sources */ = {
			isa = PBXSourcesBuildPhase;
			buildActionMask = 2147483647;
			files = (
				22914F691F2C7D0C00BE1417 /* AppDelegate.m in Sources */,
				22914F3E1F2C5EC500BE1417 /* main.m in Sources */,
				22914F6B1F2C7D0C00BE1417 /* CollectionViewCell.m in Sources */,
				22914F6A1F2C7D0C00BE1417 /* CollectionViewController.m in Sources */,
			);
			runOnlyForDeploymentPostprocessing = 0;
		};
/* End PBXSourcesBuildPhase section */

/* Begin PBXVariantGroup section */
		22914F4A1F2C5EC600BE1417 /* LaunchScreen.storyboard */ = {
			isa = PBXVariantGroup;
			children = (
				22914F4B1F2C5EC600BE1417 /* Base */,
			);
			name = LaunchScreen.storyboard;
			sourceTree = "<group>";
		};
		22914F681F2C7D0C00BE1417 /* Main.storyboard */ = {
			isa = PBXVariantGroup;
			children = (
				22914F671F2C7D0C00BE1417 /* Base */,
			);
			name = Main.storyboard;
			path = "../../../../Downloads/iOS-APICollectionViewObjc-S1V4/GifViewer";
			sourceTree = "<group>";
		};
/* End PBXVariantGroup section */

/* Begin XCBuildConfiguration section */
		22914F4E1F2C5EC600BE1417 /* Debug */ = {
			isa = XCBuildConfiguration;
			buildSettings = {
				ALWAYS_SEARCH_USER_PATHS = NO;
				CLANG_ANALYZER_NONNULL = YES;
				CLANG_ANALYZER_NUMBER_OBJECT_CONVERSION = YES_AGGRESSIVE;
				CLANG_CXX_LANGUAGE_STANDARD = "gnu++0x";
				CLANG_CXX_LIBRARY = "libc++";
				CLANG_ENABLE_MODULES = YES;
				CLANG_ENABLE_OBJC_ARC = YES;
				CLANG_WARN_BOOL_CONVERSION = YES;
				CLANG_WARN_CONSTANT_CONVERSION = YES;
				CLANG_WARN_DIRECT_OBJC_ISA_USAGE = YES_ERROR;
				CLANG_WARN_DOCUMENTATION_COMMENTS = YES;
				CLANG_WARN_EMPTY_BODY = YES;
				CLANG_WARN_ENUM_CONVERSION = YES;
				CLANG_WARN_INFINITE_RECURSION = YES;
				CLANG_WARN_INT_CONVERSION = YES;
				CLANG_WARN_OBJC_ROOT_CLASS = YES_ERROR;
				CLANG_WARN_SUSPICIOUS_MOVE = YES;
				CLANG_WARN_UNREACHABLE_CODE = YES;
				CLANG_WARN__DUPLICATE_METHOD_MATCH = YES;
				"CODE_SIGN_IDENTITY[sdk=iphoneos*]" = "iPhone Developer";
				COPY_PHASE_STRIP = NO;
				DEBUG_INFORMATION_FORMAT = dwarf;
				ENABLE_STRICT_OBJC_MSGSEND = YES;
				ENABLE_TESTABILITY = YES;
				GCC_C_LANGUAGE_STANDARD = gnu99;
				GCC_DYNAMIC_NO_PIC = NO;
				GCC_NO_COMMON_BLOCKS = YES;
				GCC_OPTIMIZATION_LEVEL = 0;
				GCC_PREPROCESSOR_DEFINITIONS = (
					"DEBUG=1",
					"$(inherited)",
				);
				GCC_WARN_64_TO_32_BIT_CONVERSION = YES;
				GCC_WARN_ABOUT_RETURN_TYPE = YES_ERROR;
				GCC_WARN_UNDECLARED_SELECTOR = YES;
				GCC_WARN_UNINITIALIZED_AUTOS = YES_AGGRESSIVE;
				GCC_WARN_UNUSED_FUNCTION = YES;
				GCC_WARN_UNUSED_VARIABLE = YES;
				IPHONEOS_DEPLOYMENT_TARGET = 10.3;
				MTL_ENABLE_DEBUG_INFO = YES;
				ONLY_ACTIVE_ARCH = YES;
				SDKROOT = iphoneos;
			};
			name = Debug;
		};
		22914F4F1F2C5EC600BE1417 /* Release */ = {
			isa = XCBuildConfiguration;
			buildSettings = {
				ALWAYS_SEARCH_USER_PATHS = NO;
				CLANG_ANALYZER_NONNULL = YES;
				CLANG_ANALYZER_NUMBER_OBJECT_CONVERSION = YES_AGGRESSIVE;
				CLANG_CXX_LANGUAGE_STANDARD = "gnu++0x";
				CLANG_CXX_LIBRARY = "libc++";
				CLANG_ENABLE_MODULES = YES;
				CLANG_ENABLE_OBJC_ARC = YES;
				CLANG_WARN_BOOL_CONVERSION = YES;
				CLANG_WARN_CONSTANT_CONVERSION = YES;
				CLANG_WARN_DIRECT_OBJC_ISA_USAGE = YES_ERROR;
				CLANG_WARN_DOCUMENTATION_COMMENTS = YES;
				CLANG_WARN_EMPTY_BODY = YES;
				CLANG_WARN_ENUM_CONVERSION = YES;
				CLANG_WARN_INFINITE_RECURSION = YES;
				CLANG_WARN_INT_CONVERSION = YES;
				CLANG_WARN_OBJC_ROOT_CLASS = YES_ERROR;
				CLANG_WARN_SUSPICIOUS_MOVE = YES;
				CLANG_WARN_UNREACHABLE_CODE = YES;
				CLANG_WARN__DUPLICATE_METHOD_MATCH = YES;
				"CODE_SIGN_IDENTITY[sdk=iphoneos*]" = "iPhone Developer";
				COPY_PHASE_STRIP = NO;
				DEBUG_INFORMATION_FORMAT = "dwarf-with-dsym";
				ENABLE_NS_ASSERTIONS = NO;
				ENABLE_STRICT_OBJC_MSGSEND = YES;
				GCC_C_LANGUAGE_STANDARD = gnu99;
				GCC_NO_COMMON_BLOCKS = YES;
				GCC_WARN_64_TO_32_BIT_CONVERSION = YES;
				GCC_WARN_ABOUT_RETURN_TYPE = YES_ERROR;
				GCC_WARN_UNDECLARED_SELECTOR = YES;
				GCC_WARN_UNINITIALIZED_AUTOS = YES_AGGRESSIVE;
				GCC_WARN_UNUSED_FUNCTION = YES;
				GCC_WARN_UNUSED_VARIABLE = YES;
				IPHONEOS_DEPLOYMENT_TARGET = 10.3;
				MTL_ENABLE_DEBUG_INFO = NO;
				SDKROOT = iphoneos;
				VALIDATE_PRODUCT = YES;
			};
			name = Release;
		};
		22914F511F2C5EC600BE1417 /* Debug */ = {
			isa = XCBuildConfiguration;
			buildSettings = {
				ASSETCATALOG_COMPILER_APPICON_NAME = AppIcon;
				INFOPLIST_FILE = GifApiCollectionViewReviewPractice/Info.plist;
				LD_RUNPATH_SEARCH_PATHS = "$(inherited) @executable_path/Frameworks";
				PRODUCT_BUNDLE_IDENTIFIER = com.shaanmirchandani.GifApiCollectionViewReviewPractice;
				PRODUCT_NAME = "$(TARGET_NAME)";
			};
			name = Debug;
		};
		22914F521F2C5EC600BE1417 /* Release */ = {
			isa = XCBuildConfiguration;
			buildSettings = {
				ASSETCATALOG_COMPILER_APPICON_NAME = AppIcon;
				INFOPLIST_FILE = GifApiCollectionViewReviewPractice/Info.plist;
				LD_RUNPATH_SEARCH_PATHS = "$(inherited) @executable_path/Frameworks";
				PRODUCT_BUNDLE_IDENTIFIER = com.shaanmirchandani.GifApiCollectionViewReviewPractice;
				PRODUCT_NAME = "$(TARGET_NAME)";
			};
			name = Release;
		};
/* End XCBuildConfiguration section */

/* Begin XCConfigurationList section */
		22914F341F2C5EC500BE1417 /* Build configuration list for PBXProject "GifApiCollectionViewReviewPractice" */ = {
			isa = XCConfigurationList;
			buildConfigurations = (
				22914F4E1F2C5EC600BE1417 /* Debug */,
				22914F4F1F2C5EC600BE1417 /* Release */,
			);
			defaultConfigurationIsVisible = 0;
			defaultConfigurationName = Release;
		};
		22914F501F2C5EC600BE1417 /* Build configuration list for PBXNativeTarget "GifApiCollectionViewReviewPractice" */ = {
			isa = XCConfigurationList;
			buildConfigurations = (
				22914F511F2C5EC600BE1417 /* Debug */,
				22914F521F2C5EC600BE1417 /* Release */,
			);
			defaultConfigurationIsVisible = 0;
		};
/* End XCConfigurationList section */
	};
	rootObject = 22914F311F2C5EC500BE1417 /* Project object */;
}
